{
  "originHash" : "142d171d4872c290d3f2a61fa743703d9e2faebd0fb81a2c7a7297715c34c943",
  "pins" : [
    {
      "identity" : "swift-collections",
      "kind" : "remoteSourceControl",
      "location" : "https://github.com/apple/swift-collections",
      "state" : {
        "revision" : "9bf03ff58ce34478e66aaee630e491823326fd06",
        "version" : "1.1.3"
      }
    }
  ],
  "version" : 3
}
